
Microsoft Visual Studio Solution File, Format Version 12.00
# Visual Studio Version 17
VisualStudioVersion = 17.1.32210.238
MinimumVisualStudioVersion = 10.0.40219.1
Project("{888888A0-9F3D-457C-B088-3A5042F75D52}") = "video_converter", "video_converter\video_converter.pyproj", "{97514A58-3722-4D82-A190-83B745B75C06}"
EndProject
Global
	GlobalSection(SolutionConfigurationPlatforms) = preSolution
		Debug|Any CPU = Debug|Any CPU
		Release|Any CPU = Release|Any CPU
	EndGlobalSection
	GlobalSection(ProjectConfigurationPlatforms) = postSolution
		{97514A58-3722-4D82-A190-83B745B75C06}.Debug|Any CPU.ActiveCfg = Debug|Any CPU
		{97514A58-3722-4D82-A190-83B745B75C06}.Release|Any CPU.ActiveCfg = Release|Any CPU
	EndGlobalSection
	GlobalSection(SolutionProperties) = preSolution
		HideSolutionNode = FALSE
	EndGlobalSection
	GlobalSection(ExtensibilityGlobals) = postSolution
		SolutionGuid = {26CE0F30-8A77-4C6E-B317-4106EE13C224}
	EndGlobalSection
EndGlobal
